// !$*UTF8*$!
{
	archiveVersion = 1;
	classes = {
	};
	objectVersion = 50;
	objects = {

/* Begin PBXBuildFile section */
		05D1D49022AC7F8B006DEC0B /* AppDelegate.swift in Sources */ = {isa = PBXBuildFile; fileRef = 05D1D48F22AC7F8B006DEC0B /* AppDelegate.swift */; };
		05D1D49222AC7F8B006DEC0B /* ViewController.swift in Sources */ = {isa = PBXBuildFile; fileRef = 05D1D49122AC7F8B006DEC0B /* ViewController.swift */; };
		05D1D49522AC7F8B006DEC0B /* Main.storyboard in Resources */ = {isa = PBXBuildFile; fileRef = 05D1D49322AC7F8B006DEC0B /* Main.storyboard */; };
		05D1D49722AC7F8C006DEC0B /* Assets.xcassets in Resources */ = {isa = PBXBuildFile; fileRef = 05D1D49622AC7F8C006DEC0B /* Assets.xcassets */; };
		05D1D49A22AC7F8C006DEC0B /* LaunchScreen.storyboard in Resources */ = {isa = PBXBuildFile; fileRef = 05D1D49822AC7F8C006DEC0B /* LaunchScreen.storyboard */; };
		05D1D4A522AC7F8C006DEC0B /* FedEx_demo_testTests.swift in Sources */ = {isa = PBXBuildFile; fileRef = 05D1D4A422AC7F8C006DEC0B /* FedEx_demo_testTests.swift */; };
		05D1D4B022AC7F8C006DEC0B /* FedEx_demo_testUITests.swift in Sources */ = {isa = PBXBuildFile; fileRef = 05D1D4AF22AC7F8C006DEC0B /* FedEx_demo_testUITests.swift */; };
		05D1D4BE22AC814C006DEC0B /* Screens.swift in Sources */ = {isa = PBXBuildFile; fileRef = 05D1D4BD22AC814C006DEC0B /* Screens.swift */; };
/* End PBXBuildFile section */

/* Begin PBXContainerItemProxy section */
		05D1D4A122AC7F8C006DEC0B /* PBXContainerItemProxy */ = {
			isa = PBXContainerItemProxy;
			containerPortal = 05D1D48422AC7F8B006DEC0B /* Project object */;
			proxyType = 1;
			remoteGlobalIDString = 05D1D48B22AC7F8B006DEC0B;
			remoteInfo = "FedEx demo test";
		};
		05D1D4AC22AC7F8C006DEC0B /* PBXContainerItemProxy */ = {
			isa = PBXContainerItemProxy;
			containerPortal = 05D1D48422AC7F8B006DEC0B /* Project object */;
			proxyType = 1;
			remoteGlobalIDString = 05D1D48B22AC7F8B006DEC0B;
			remoteInfo = "FedEx demo test";
		};
/* End PBXContainerItemProxy section */

/* Begin PBXFileReference section */
		05D1D48C22AC7F8B006DEC0B /* FedEx demo test.app */ = {isa = PBXFileReference; explicitFileType = wrapper.application; includeInIndex = 0; path = "FedEx demo test.app"; sourceTree = BUILT_PRODUCTS_DIR; };
		05D1D48F22AC7F8B006DEC0B /* AppDelegate.swift */ = {isa = PBXFileReference; lastKnownFileType = sourcecode.swift; path = AppDelegate.swift; sourceTree = "<group>"; };
		05D1D49122AC7F8B006DEC0B /* ViewController.swift */ = {isa = PBXFileReference; lastKnownFileType = sourcecode.swift; path = ViewController.swift; sourceTree = "<group>"; };
		05D1D49422AC7F8B006DEC0B /* Base */ = {isa = PBXFileReference; lastKnownFileType = file.storyboard; name = Base; path = Base.lproj/Main.storyboard; sourceTree = "<group>"; };
		05D1D49622AC7F8C006DEC0B /* Assets.xcassets */ = {isa = PBXFileReference; lastKnownFileType = folder.assetcatalog; path = Assets.xcassets; sourceTree = "<group>"; };
		05D1D49922AC7F8C006DEC0B /* Base */ = {isa = PBXFileReference; lastKnownFileType = file.storyboard; name = Base; path = Base.lproj/LaunchScreen.storyboard; sourceTree = "<group>"; };
		05D1D49B22AC7F8C006DEC0B /* Info.plist */ = {isa = PBXFileReference; lastKnownFileType = text.plist.xml; path = Info.plist; sourceTree = "<group>"; };
		05D1D4A022AC7F8C006DEC0B /* FedEx demo testTests.xctest */ = {isa = PBXFileReference; explicitFileType = wrapper.cfbundle; includeInIndex = 0; path = "FedEx demo testTests.xctest"; sourceTree = BUILT_PRODUCTS_DIR; };
		05D1D4A422AC7F8C006DEC0B /* FedEx_demo_testTests.swift */ = {isa = PBXFileReference; lastKnownFileType = sourcecode.swift; path = FedEx_demo_testTests.swift; sourceTree = "<group>"; };
		05D1D4A622AC7F8C006DEC0B /* Info.plist */ = {isa = PBXFileReference; lastKnownFileType = text.plist.xml; path = Info.plist; sourceTree = "<group>"; };
		05D1D4AB22AC7F8C006DEC0B /* FedEx demo testUITests.xctest */ = {isa = PBXFileReference; explicitFileType = wrapper.cfbundle; includeInIndex = 0; path = "FedEx demo testUITests.xctest"; sourceTree = BUILT_PRODUCTS_DIR; };
		05D1D4AF22AC7F8C006DEC0B /* FedEx_demo_testUITests.swift */ = {isa = PBXFileReference; lastKnownFileType = sourcecode.swift; path = FedEx_demo_testUITests.swift; sourceTree = "<group>"; };
		05D1D4B122AC7F8C006DEC0B /* Info.plist */ = {isa = PBXFileReference; lastKnownFileType = text.plist.xml; path = Info.plist; sourceTree = "<group>"; };
		05D1D4BD22AC814C006DEC0B /* Screens.swift */ = {isa = PBXFileReference; lastKnownFileType = sourcecode.swift; path = Screens.swift; sourceTree = "<group>"; };
/* End PBXFileReference section */

/* Begin PBXFrameworksBuildPhase section */
		05D1D48922AC7F8B006DEC0B /* Frameworks */ = {
			isa = PBXFrameworksBuildPhase;
			buildActionMask = 2147483647;
			files = (
			);
			runOnlyForDeploymentPostprocessing = 0;
		};
		05D1D49D22AC7F8C006DEC0B /* Frameworks */ = {
			isa = PBXFrameworksBuildPhase;
			buildActionMask = 2147483647;
			files = (
			);
			runOnlyForDeploymentPostprocessing = 0;
		};
		05D1D4A822AC7F8C006DEC0B /* Frameworks */ = {
			isa = PBXFrameworksBuildPhase;
			buildActionMask = 2147483647;
			files = (
			);
			runOnlyForDeploymentPostprocessing = 0;
		};
/* End PBXFrameworksBuildPhase section */

/* Begin PBXGroup section */
		05D1D48322AC7F8B006DEC0B = {
			isa = PBXGroup;
			children = (
				05D1D48E22AC7F8B006DEC0B /* FedEx demo test */,
				05D1D4A322AC7F8C006DEC0B /* FedEx demo testTests */,
				05D1D4AE22AC7F8C006DEC0B /* FedEx demo testUITests */,
				05D1D48D22AC7F8B006DEC0B /* Products */,
			);
			sourceTree = "<group>";
		};
		05D1D48D22AC7F8B006DEC0B /* Products */ = {
			isa = PBXGroup;
			children = (
				05D1D48C22AC7F8B006DEC0B /* FedEx demo test.app */,
				05D1D4A022AC7F8C006DEC0B /* FedEx demo testTests.xctest */,
				05D1D4AB22AC7F8C006DEC0B /* FedEx demo testUITests.xctest */,
			);
			name = Products;
			sourceTree = "<group>";
		};
		05D1D48E22AC7F8B006DEC0B /* FedEx demo test */ = {
			isa = PBXGroup;
			children = (
				05D1D48F22AC7F8B006DEC0B /* AppDelegate.swift */,
				05D1D49122AC7F8B006DEC0B /* ViewController.swift */,
				05D1D49322AC7F8B006DEC0B /* Main.storyboard */,
				05D1D49622AC7F8C006DEC0B /* Assets.xcassets */,
				05D1D49822AC7F8C006DEC0B /* LaunchScreen.storyboard */,
				05D1D49B22AC7F8C006DEC0B /* Info.plist */,
			);
			path = "FedEx demo test";
			sourceTree = "<group>";
		};
		05D1D4A322AC7F8C006DEC0B /* FedEx demo testTests */ = {
			isa = PBXGroup;
			children = (
				05D1D4A422AC7F8C006DEC0B /* FedEx_demo_testTests.swift */,
				05D1D4A622AC7F8C006DEC0B /* Info.plist */,
			);
			path = "FedEx demo testTests";
			sourceTree = "<group>";
		};
		05D1D4AE22AC7F8C006DEC0B /* FedEx demo testUITests */ = {
			isa = PBXGroup;
			children = (
				05D1D4AF22AC7F8C006DEC0B /* FedEx_demo_testUITests.swift */,
				05D1D4B122AC7F8C006DEC0B /* Info.plist */,
				05D1D4BD22AC814C006DEC0B /* Screens.swift */,
			);
			path = "FedEx demo testUITests";
			sourceTree = "<group>";
		};
/* End PBXGroup section */

/* Begin PBXNativeTarget section */
		05D1D48B22AC7F8B006DEC0B /* FedEx demo test */ = {
			isa = PBXNativeTarget;
			buildConfigurationList = 05D1D4B422AC7F8C006DEC0B /* Build configuration list for PBXNativeTarget "FedEx demo test" */;
			buildPhases = (
				05D1D48822AC7F8B006DEC0B /* Sources */,
				05D1D48922AC7F8B006DEC0B /* Frameworks */,
				05D1D48A22AC7F8B006DEC0B /* Resources */,
			);
			buildRules = (
			);
			dependencies = (
			);
			name = "FedEx demo test";
			productName = "FedEx demo test";
			productReference = 05D1D48C22AC7F8B006DEC0B /* FedEx demo test.app */;
			productType = "com.apple.product-type.application";
		};
		05D1D49F22AC7F8C006DEC0B /* FedEx demo testTests */ = {
			isa = PBXNativeTarget;
			buildConfigurationList = 05D1D4B722AC7F8C006DEC0B /* Build configuration list for PBXNativeTarget "FedEx demo testTests" */;
			buildPhases = (
				05D1D49C22AC7F8C006DEC0B /* Sources */,
				05D1D49D22AC7F8C006DEC0B /* Frameworks */,
				05D1D49E22AC7F8C006DEC0B /* Resources */,
			);
			buildRules = (
			);
			dependencies = (
				05D1D4A222AC7F8C006DEC0B /* PBXTargetDependency */,
			);
			name = "FedEx demo testTests";
			productName = "FedEx demo testTests";
			productReference = 05D1D4A022AC7F8C006DEC0B /* FedEx demo testTests.xctest */;
			productType = "com.apple.product-type.bundle.unit-test";
		};
		05D1D4AA22AC7F8C006DEC0B /* FedEx demo testUITests */ = {
			isa = PBXNativeTarget;
			buildConfigurationList = 05D1D4BA22AC7F8C006DEC0B /* Build configuration list for PBXNativeTarget "FedEx demo testUITests" */;
			buildPhases = (
				05D1D4A722AC7F8C006DEC0B /* Sources */,
				05D1D4A822AC7F8C006DEC0B /* Frameworks */,
				05D1D4A922AC7F8C006DEC0B /* Resources */,
			);
			buildRules = (
			);
			dependencies = (
				05D1D4AD22AC7F8C006DEC0B /* PBXTargetDependency */,
			);
			name = "FedEx demo testUITests";
			productName = "FedEx demo testUITests";
			productReference = 05D1D4AB22AC7F8C006DEC0B /* FedEx demo testUITests.xctest */;
			productType = "com.apple.product-type.bundle.ui-testing";
		};
/* End PBXNativeTarget section */

/* Begin PBXProject section */
		05D1D48422AC7F8B006DEC0B /* Project object */ = {
			isa = PBXProject;
			attributes = {
				LastSwiftUpdateCheck = 1020;
				LastUpgradeCheck = 1020;
				ORGANIZATIONNAME = "Eugene Berezin";
				TargetAttributes = {
					05D1D48B22AC7F8B006DEC0B = {
						CreatedOnToolsVersion = 10.2.1;
					};
					05D1D49F22AC7F8C006DEC0B = {
						CreatedOnToolsVersion = 10.2.1;
						TestTargetID = 05D1D48B22AC7F8B006DEC0B;
					};
					05D1D4AA22AC7F8C006DEC0B = {
						CreatedOnToolsVersion = 10.2.1;
						TestTargetID = 05D1D48B22AC7F8B006DEC0B;
					};
				};
			};
			buildConfigurationList = 05D1D48722AC7F8B006DEC0B /* Build configuration list for PBXProject "FedEx demo test" */;
			compatibilityVersion = "Xcode 9.3";
			developmentRegion = en;
			hasScannedForEncodings = 0;
			knownRegions = (
				en,
				Base,
			);
			mainGroup = 05D1D48322AC7F8B006DEC0B;
			productRefGroup = 05D1D48D22AC7F8B006DEC0B /* Products */;
			projectDirPath = "";
			projectRoot = "";
			targets = (
				05D1D48B22AC7F8B006DEC0B /* FedEx demo test */,
				05D1D49F22AC7F8C006DEC0B /* FedEx demo testTests */,
				05D1D4AA22AC7F8C006DEC0B /* FedEx demo testUITests */,
			);
		};
/* End PBXProject section */

/* Begin PBXResourcesBuildPhase section */
		05D1D48A22AC7F8B006DEC0B /* Resources */ = {
			isa = PBXResourcesBuildPhase;
			buildActionMask = 2147483647;
			files = (
				05D1D49A22AC7F8C006DEC0B /* LaunchScreen.storyboard in Resources */,
				05D1D49722AC7F8C006DEC0B /* Assets.xcassets in Resources */,
				05D1D49522AC7F8B006DEC0B /* Main.storyboard in Resources */,
			);
			runOnlyForDeploymentPostprocessing = 0;
		};
		05D1D49E22AC7F8C006DEC0B /* Resources */ = {
			isa = PBXResourcesBuildPhase;
			buildActionMask = 2147483647;
			files = (
			);
			runOnlyForDeploymentPostprocessing = 0;
		};
		05D1D4A922AC7F8C006DEC0B /* Resources */ = {
			isa = PBXResourcesBuildPhase;
			buildActionMask = 2147483647;
			files = (
			);
			runOnlyForDeploymentPostprocessing = 0;
		};
/* End PBXResourcesBuildPhase section */

/* Begin PBXSourcesBuildPhase section */
		05D1D48822AC7F8B006DEC0B /* Sources */ = {
			isa = PBXSourcesBuildPhase;
			buildActionMask = 2147483647;
			files = (
				05D1D49222AC7F8B006DEC0B /* ViewController.swift in Sources */,
				05D1D49022AC7F8B006DEC0B /* AppDelegate.swift in Sources */,
			);
			runOnlyForDeploymentPostprocessing = 0;
		};
		05D1D49C22AC7F8C006DEC0B /* Sources */ = {
			isa = PBXSourcesBuildPhase;
			buildActionMask = 2147483647;
			files = (
				05D1D4A522AC7F8C006DEC0B /* FedEx_demo_testTests.swift in Sources */,
			);
			runOnlyForDeploymentPostprocessing = 0;
		};
		05D1D4A722AC7F8C006DEC0B /* Sources */ = {
			isa = PBXSourcesBuildPhase;
			buildActionMask = 2147483647;
			files = (
				05D1D4B022AC7F8C006DEC0B /* FedEx_demo_testUITests.swift in Sources */,
				05D1D4BE22AC814C006DEC0B /* Screens.swift in Sources */,
			);
			runOnlyForDeploymentPostprocessing = 0;
		};
/* End PBXSourcesBuildPhase section */

/* Begin PBXTargetDependency section */
		05D1D4A222AC7F8C006DEC0B /* PBXTargetDependency */ = {
			isa = PBXTargetDependency;
			target = 05D1D48B22AC7F8B006DEC0B /* FedEx demo test */;
			targetProxy = 05D1D4A122AC7F8C006DEC0B /* PBXContainerItemProxy */;
		};
		05D1D4AD22AC7F8C006DEC0B /* PBXTargetDependency */ = {
			isa = PBXTargetDependency;
			target = 05D1D48B22AC7F8B006DEC0B /* FedEx demo test */;
			targetProxy = 05D1D4AC22AC7F8C006DEC0B /* PBXContainerItemProxy */;
		};
/* End PBXTargetDependency section */

/* Begin PBXVariantGroup section */
		05D1D49322AC7F8B006DEC0B /* Main.storyboard */ = {
			isa = PBXVariantGroup;
			children = (
				05D1D49422AC7F8B006DEC0B /* Base */,
			);
			name = Main.storyboard;
			sourceTree = "<group>";
		};
		05D1D49822AC7F8C006DEC0B /* LaunchScreen.storyboard */ = {
			isa = PBXVariantGroup;
			children = (
				05D1D49922AC7F8C006DEC0B /* Base */,
			);
			name = LaunchScreen.storyboard;
			sourceTree = "<group>";
		};
/* End PBXVariantGroup section */

/* Begin XCBuildConfiguration section */
		05D1D4B222AC7F8C006DEC0B /* Debug */ = {
			isa = XCBuildConfiguration;
			buildSettings = {
				ALWAYS_SEARCH_USER_PATHS = NO;
				CLANG_ANALYZER_NONNULL = YES;
				CLANG_ANALYZER_NUMBER_OBJECT_CONVERSION = YES_AGGRESSIVE;
				CLANG_CXX_LANGUAGE_STANDARD = "gnu++14";
				CLANG_CXX_LIBRARY = "libc++";
				CLANG_ENABLE_MODULES = YES;
				CLANG_ENABLE_OBJC_ARC = YES;
				CLANG_ENABLE_OBJC_WEAK = YES;
				CLANG_WARN_BLOCK_CAPTURE_AUTORELEASING = YES;
				CLANG_WARN_BOOL_CONVERSION = YES;
				CLANG_WARN_COMMA = YES;
				CLANG_WARN_CONSTANT_CONVERSION = YES;
				CLANG_WARN_DEPRECATED_OBJC_IMPLEMENTATIONS = YES;
				CLANG_WARN_DIRECT_OBJC_ISA_USAGE = YES_ERROR;
				CLANG_WARN_DOCUMENTATION_COMMENTS = YES;
				CLANG_WARN_EMPTY_BODY = YES;
				CLANG_WARN_ENUM_CONVERSION = YES;
				CLANG_WARN_INFINITE_RECURSION = YES;
				CLANG_WARN_INT_CONVERSION = YES;
				CLANG_WARN_NON_LITERAL_NULL_CONVERSION = YES;
				CLANG_WARN_OBJC_IMPLICIT_RETAIN_SELF = YES;
				CLANG_WARN_OBJC_LITERAL_CONVERSION = YES;
				CLANG_WARN_OBJC_ROOT_CLASS = YES_ERROR;
				CLANG_WARN_RANGE_LOOP_ANALYSIS = YES;
				CLANG_WARN_STRICT_PROTOTYPES = YES;
				CLANG_WARN_SUSPICIOUS_MOVE = YES;
				CLANG_WARN_UNGUARDED_AVAILABILITY = YES_AGGRESSIVE;
				CLANG_WARN_UNREACHABLE_CODE = YES;
				CLANG_WARN__DUPLICATE_METHOD_MATCH = YES;
				CODE_SIGN_IDENTITY = "iPhone Developer";
				COPY_PHASE_STRIP = NO;
				DEBUG_INFORMATION_FORMAT = dwarf;
				ENABLE_STRICT_OBJC_MSGSEND = YES;
				ENABLE_TESTABILITY = YES;
				GCC_C_LANGUAGE_STANDARD = gnu11;
				GCC_DYNAMIC_NO_PIC = NO;
				GCC_NO_COMMON_BLOCKS = YES;
				GCC_OPTIMIZATION_LEVEL = 0;
				GCC_PREPROCESSOR_DEFINITIONS = (
					"DEBUG=1",
					"$(inherited)",
				);
				GCC_WARN_64_TO_32_BIT_CONVERSION = YES;
				GCC_WARN_ABOUT_RETURN_TYPE = YES_ERROR;
				GCC_WARN_UNDECLARED_SELECTOR = YES;
				GCC_WARN_UNINITIALIZED_AUTOS = YES_AGGRESSIVE;
				GCC_WARN_UNUSED_FUNCTION = YES;
				GCC_WARN_UNUSED_VARIABLE = YES;
				IPHONEOS_DEPLOYMENT_TARGET = 12.2;
				MTL_ENABLE_DEBUG_INFO = INCLUDE_SOURCE;
				MTL_FAST_MATH = YES;
				ONLY_ACTIVE_ARCH = YES;
				SDKROOT = iphoneos;
				SWIFT_ACTIVE_COMPILATION_CONDITIONS = DEBUG;
				SWIFT_OPTIMIZATION_LEVEL = "-Onone";
			};
			name = Debug;
		};
		05D1D4B322AC7F8C006DEC0B /* Release */ = {
			isa = XCBuildConfiguration;
			buildSettings = {
				ALWAYS_SEARCH_USER_PATHS = NO;
				CLANG_ANALYZER_NONNULL = YES;
				CLANG_ANALYZER_NUMBER_OBJECT_CONVERSION = YES_AGGRESSIVE;
				CLANG_CXX_LANGUAGE_STANDARD = "gnu++14";
				CLANG_CXX_LIBRARY = "libc++";
				CLANG_ENABLE_MODULES = YES;
				CLANG_ENABLE_OBJC_ARC = YES;
				CLANG_ENABLE_OBJC_WEAK = YES;
				CLANG_WARN_BLOCK_CAPTURE_AUTORELEASING = YES;
				CLANG_WARN_BOOL_CONVERSION = YES;
				CLANG_WARN_COMMA = YES;
				CLANG_WARN_CONSTANT_CONVERSION = YES;
				CLANG_WARN_DEPRECATED_OBJC_IMPLEMENTATIONS = YES;
				CLANG_WARN_DIRECT_OBJC_ISA_USAGE = YES_ERROR;
				CLANG_WARN_DOCUMENTATION_COMMENTS = YES;
				CLANG_WARN_EMPTY_BODY = YES;
				CLANG_WARN_ENUM_CONVERSION = YES;
				CLANG_WARN_INFINITE_RECURSION = YES;
				CLANG_WARN_INT_CONVERSION = YES;
				CLANG_WARN_NON_LITERAL_NULL_CONVERSION = YES;
				CLANG_WARN_OBJC_IMPLICIT_RETAIN_SELF = YES;
				CLANG_WARN_OBJC_LITERAL_CONVERSION = YES;
				CLANG_WARN_OBJC_ROOT_CLASS = YES_ERROR;
				CLANG_WARN_RANGE_LOOP_ANALYSIS = YES;
				CLANG_WARN_STRICT_PROTOTYPES = YES;
				CLANG_WARN_SUSPICIOUS_MOVE = YES;
				CLANG_WARN_UNGUARDED_AVAILABILITY = YES_AGGRESSIVE;
				CLANG_WARN_UNREACHABLE_CODE = YES;
				CLANG_WARN__DUPLICATE_METHOD_MATCH = YES;
				CODE_SIGN_IDENTITY = "iPhone Developer";
				COPY_PHASE_STRIP = NO;
				DEBUG_INFORMATION_FORMAT = "dwarf-with-dsym";
				ENABLE_NS_ASSERTIONS = NO;
				ENABLE_STRICT_OBJC_MSGSEND = YES;
				GCC_C_LANGUAGE_STANDARD = gnu11;
				GCC_NO_COMMON_BLOCKS = YES;
				GCC_WARN_64_TO_32_BIT_CONVERSION = YES;
				GCC_WARN_ABOUT_RETURN_TYPE = YES_ERROR;
				GCC_WARN_UNDECLARED_SELECTOR = YES;
				GCC_WARN_UNINITIALIZED_AUTOS = YES_AGGRESSIVE;
				GCC_WARN_UNUSED_FUNCTION = YES;
				GCC_WARN_UNUSED_VARIABLE = YES;
				IPHONEOS_DEPLOYMENT_TARGET = 12.2;
				MTL_ENABLE_DEBUG_INFO = NO;
				MTL_FAST_MATH = YES;
				SDKROOT = iphoneos;
				SWIFT_COMPILATION_MODE = wholemodule;
				SWIFT_OPTIMIZATION_LEVEL = "-O";
				VALIDATE_PRODUCT = YES;
			};
			name = Release;
		};
		05D1D4B522AC7F8C006DEC0B /* Debug */ = {
			isa = XCBuildConfiguration;
			buildSettings = {
				ASSETCATALOG_COMPILER_APPICON_NAME = AppIcon;
				CODE_SIGN_STYLE = Automatic;
				DEVELOPMENT_TEAM = JGX8KL9J9F;
				INFOPLIST_FILE = "FedEx demo test/Info.plist";
				LD_RUNPATH_SEARCH_PATHS = (
					"$(inherited)",
					"@executable_path/Frameworks",
				);
				PRODUCT_BUNDLE_IDENTIFIER = "QA.FedEx-demo-test";
				PRODUCT_NAME = "$(TARGET_NAME)";
				SWIFT_VERSION = 5.0;
				TARGETED_DEVICE_FAMILY = "1,2";
			};
			name = Debug;
		};
		05D1D4B622AC7F8C006DEC0B /* Release */ = {
			isa = XCBuildConfiguration;
			buildSettings = {
				ASSETCATALOG_COMPILER_APPICON_NAME = AppIcon;
				CODE_SIGN_STYLE = Automatic;
				DEVELOPMENT_TEAM = JGX8KL9J9F;
				INFOPLIST_FILE = "FedEx demo test/Info.plist";
				LD_RUNPATH_SEARCH_PATHS = (
					"$(inherited)",
					"@executable_path/Frameworks",
				);
				PRODUCT_BUNDLE_IDENTIFIER = "QA.FedEx-demo-test";
				PRODUCT_NAME = "$(TARGET_NAME)";
				SWIFT_VERSION = 5.0;
				TARGETED_DEVICE_FAMILY = "1,2";
			};
			name = Release;
		};
		05D1D4B822AC7F8C006DEC0B /* Debug */ = {
			isa = XCBuildConfiguration;
			buildSettings = {
				ALWAYS_EMBED_SWIFT_STANDARD_LIBRARIES = YES;
				BUNDLE_LOADER = "$(TEST_HOST)";
				CODE_SIGN_STYLE = Automatic;
				DEVELOPMENT_TEAM = JGX8KL9J9F;
				INFOPLIST_FILE = "FedEx demo testTests/Info.plist";
				LD_RUNPATH_SEARCH_PATHS = (
					"$(inherited)",
					"@executable_path/Frameworks",
					"@loader_path/Frameworks",
				);
				PRODUCT_BUNDLE_IDENTIFIER = "QA.FedEx-demo-testTests";
				PRODUCT_NAME = "$(TARGET_NAME)";
				SWIFT_VERSION = 5.0;
				TARGETED_DEVICE_FAMILY = "1,2";
				TEST_HOST = "$(BUILT_PRODUCTS_DIR)/FedEx demo test.app/FedEx demo test";
			};
			name = Debug;
		};
		05D1D4B922AC7F8C006DEC0B /* Release */ = {
			isa = XCBuildConfiguration;
			buildSettings = {
				ALWAYS_EMBED_SWIFT_STANDARD_LIBRARIES = YES;
				BUNDLE_LOADER = "$(TEST_HOST)";
				CODE_SIGN_STYLE = Automatic;
				DEVELOPMENT_TEAM = JGX8KL9J9F;
				INFOPLIST_FILE = "FedEx demo testTests/Info.plist";
				LD_RUNPATH_SEARCH_PATHS = (
					"$(inherited)",
					"@executable_path/Frameworks",
					"@loader_path/Frameworks",
				);
				PRODUCT_BUNDLE_IDENTIFIER = "QA.FedEx-demo-testTests";
				PRODUCT_NAME = "$(TARGET_NAME)";
				SWIFT_VERSION = 5.0;
				TARGETED_DEVICE_FAMILY = "1,2";
				TEST_HOST = "$(BUILT_PRODUCTS_DIR)/FedEx demo test.app/FedEx demo test";
			};
			name = Release;
		};
		05D1D4BB22AC7F8C006DEC0B /* Debug */ = {
			isa = XCBuildConfiguration;
			buildSettings = {
				ALWAYS_EMBED_SWIFT_STANDARD_LIBRARIES = YES;
				CODE_SIGN_STYLE = Automatic;
				DEVELOPMENT_TEAM = JGX8KL9J9F;
				INFOPLIST_FILE = "FedEx demo testUITests/Info.plist";
				LD_RUNPATH_SEARCH_PATHS = (
					"$(inherited)",
					"@executable_path/Frameworks",
					"@loader_path/Frameworks",
				);
				PRODUCT_BUNDLE_IDENTIFIER = "QA.FedEx-demo-testUITests";
				PRODUCT_NAME = "$(TARGET_NAME)";
				SWIFT_VERSION = 5.0;
				TARGETED_DEVICE_FAMILY = "1,2";
				TEST_TARGET_NAME = "FedEx demo test";
			};
			name = Debug;
		};
		05D1D4BC22AC7F8C006DEC0B /* Release */ = {
			isa = XCBuildConfiguration;
			buildSettings = {
				ALWAYS_EMBED_SWIFT_STANDARD_LIBRARIES = YES;
				CODE_SIGN_STYLE = Automatic;
				DEVELOPMENT_TEAM = JGX8KL9J9F;
				INFOPLIST_FILE = "FedEx demo testUITests/Info.plist";
				LD_RUNPATH_SEARCH_PATHS = (
					"$(inherited)",
					"@executable_path/Frameworks",
					"@loader_path/Frameworks",
				);
				PRODUCT_BUNDLE_IDENTIFIER = "QA.FedEx-demo-testUITests";
				PRODUCT_NAME = "$(TARGET_NAME)";
				SWIFT_VERSION = 5.0;
				TARGETED_DEVICE_FAMILY = "1,2";
				TEST_TARGET_NAME = "FedEx demo test";
			};
			name = Release;
		};
/* End XCBuildConfiguration section */

/* Begin XCConfigurationList section */
		05D1D48722AC7F8B006DEC0B /* Build configuration list for PBXProject "FedEx demo test" */ = {
			isa = XCConfigurationList;
			buildConfigurations = (
				05D1D4B222AC7F8C006DEC0B /* Debug */,
				05D1D4B322AC7F8C006DEC0B /* Release */,
			);
			defaultConfigurationIsVisible = 0;
			defaultConfigurationName = Release;
		};
		05D1D4B422AC7F8C006DEC0B /* Build configuration list for PBXNativeTarget "FedEx demo test" */ = {
			isa = XCConfigurationList;
			buildConfigurations = (
				05D1D4B522AC7F8C006DEC0B /* Debug */,
				05D1D4B622AC7F8C006DEC0B /* Release */,
			);
			defaultConfigurationIsVisible = 0;
			defaultConfigurationName = Release;
		};
		05D1D4B722AC7F8C006DEC0B /* Build configuration list for PBXNativeTarget "FedEx demo testTests" */ = {
			isa = XCConfigurationList;
			buildConfigurations = (
				05D1D4B822AC7F8C006DEC0B /* Debug */,
				05D1D4B922AC7F8C006DEC0B /* Release */,
			);
			defaultConfigurationIsVisible = 0;
			defaultConfigurationName = Release;
		};
		05D1D4BA22AC7F8C006DEC0B /* Build configuration list for PBXNativeTarget "FedEx demo testUITests" */ = {
			isa = XCConfigurationList;
			buildConfigurations = (
				05D1D4BB22AC7F8C006DEC0B /* Debug */,
				05D1D4BC22AC7F8C006DEC0B /* Release */,
			);
			defaultConfigurationIsVisible = 0;
			defaultConfigurationName = Release;
		};
/* End XCConfigurationList section */
	};
	rootObject = 05D1D48422AC7F8B006DEC0B /* Project object */;
}
